
Microsoft Visual Studio Solution File, Format Version 12.00
# Visual Studio Version 17
VisualStudioVersion = 17.3.32819.101
MinimumVisualStudioVersion = 10.0.40219.1
Project("{9A19103F-16F7-4668-BE54-9A1E7A4F7556}") = "FirstAzureSearchApp", "FirstAzureSearchApp\FirstAzureSearchApp.csproj", "{F532E63C-9D73-4211-8AD3-BC31DBEEA8CF}"
EndProject
Project("{9A19103F-16F7-4668-BE54-9A1E7A4F7556}") = "NumberedPaging", "..\2a-add-paging\NumberedPaging\NumberedPaging.csproj", "{F2E0A265-91A3-4C9B-9B33-CF81387C360C}"
EndProject
Global
	GlobalSection(SolutionConfigurationPlatforms) = preSolution
		Debug|Any CPU = Debug|Any CPU
		Release|Any CPU = Release|Any CPU
	EndGlobalSection
	GlobalSection(ProjectConfigurationPlatforms) = postSolution
		{F532E63C-9D73-4211-8AD3-BC31DBEEA8CF}.Debug|Any CPU.ActiveCfg = Debug|Any CPU
		{F532E63C-9D73-4211-8AD3-BC31DBEEA8CF}.Debug|Any CPU.Build.0 = Debug|Any CPU
		{F532E63C-9D73-4211-8AD3-BC31DBEEA8CF}.Release|Any CPU.ActiveCfg = Release|Any CPU
		{F532E63C-9D73-4211-8AD3-BC31DBEEA8CF}.Release|Any CPU.Build.0 = Release|Any CPU
		{F2E0A265-91A3-4C9B-9B33-CF81387C360C}.Debug|Any CPU.ActiveCfg = Debug|Any CPU
		{F2E0A265-91A3-4C9B-9B33-CF81387C360C}.Debug|Any CPU.Build.0 = Debug|Any CPU
		{F2E0A265-91A3-4C9B-9B33-CF81387C360C}.Release|Any CPU.ActiveCfg = Release|Any CPU
		{F2E0A265-91A3-4C9B-9B33-CF81387C360C}.Release|Any CPU.Build.0 = Release|Any CPU
	EndGlobalSection
	GlobalSection(SolutionProperties) = preSolution
		HideSolutionNode = FALSE
	EndGlobalSection
	GlobalSection(ExtensibilityGlobals) = postSolution
		SolutionGuid = {512EF632-7BA6-41BF-AB5A-30478B624C4A}
	EndGlobalSection
EndGlobal
